<?xml version="1.0" encoding="utf-8"?>
<Project ToolsVersion="4.0" xmlns="http://schemas.microsoft.com/developer/msbuild/2003">
  <ItemGroup>
    <Filter Include="Archivos de origen">
      <UniqueIdentifier>{4FC737F1-C7A5-4376-A066-2A32D752A2FF}</UniqueIdentifier>
      <Extensions>cpp;c;cc;cxx;def;odl;idl;hpj;bat;asm;asmx</Extensions>
    </Filter>
    <Filter Include="Archivos de encabezado">
      <UniqueIdentifier>{93995380-89BD-4b04-88EB-625FBE52EBFB}</UniqueIdentifier>
      <Extensions>h;hh;hpp;hxx;hm;inl;inc;ipp;xsd</Extensions>
    </Filter>
    <Filter Include="Archivos de recursos">
      <UniqueIdentifier>{67DA6AB6-F800-4c08-8B7A-83BB121AAD01}</UniqueIdentifier>
      <Extensions>rc;ico;cur;bmp;dlg;rc2;rct;bin;rgs;gif;jpg;jpeg;jpe;resx;tiff;tif;png;wav;mfcribbon-ms</Extensions>
    </Filter>
  </ItemGroup>
  <ItemGroup>
    <ClCompile Include="test.cpp">
      <Filter>Archivos de origen</Filter>
    </ClCompile>
    <ClCompile Include="ex1_display.c">
      <Filter>Archivos de origen</Filter>
    </ClCompile>
    <ClCompile Include="ex2_events.c">
      <Filter>Archivos de origen</Filter>
    </ClCompile>
    <ClCompile Include="ex3_bitmaps.c">
      <Filter>Archivos de origen</Filter>
    </ClCompile>
    <ClCompile Include="ex4_timers.c">
      <Filter>Archivos de origen</Filter>
    </ClCompile>
    <ClCompile Include="ex5_mouse.c">
      <Filter>Archivos de origen</Filter>
    </ClCompile>
    <ClCompile Include="ex6_keyboard.c">
      <Filter>Archivos de origen</Filter>
    </ClCompile>
    <ClCompile Include="ex7_fonts.c">
      <Filter>Archivos de origen</Filter>
    </ClCompile>
    <ClCompile Include="ex8_primitives.c">
      <Filter>Archivos de origen</Filter>
    </ClCompile>
    <ClCompile Include="ex9_audio.c">
      <Filter>Archivos de origen</Filter>
    </ClCompile>
    <ClCompile Include="ex10_scaled_bitmaps.c">
      <Filter>Archivos de origen</Filter>
    </ClCompile>
    <ClCompile Include="example_1_display.cpp">
      <Filter>Archivos de origen</Filter>
    </ClCompile>
    <ClCompile Include="Source.cpp">
      <Filter>Archivos de origen</Filter>
    </ClCompile>
  </ItemGroup>
  <ItemGroup>
    <ClInclude Include="ex1_display.h">
      <Filter>Archivos de encabezado</Filter>
    </ClInclude>
    <ClInclude Include="ex2_events.h">
      <Filter>Archivos de encabezado</Filter>
    </ClInclude>
    <ClInclude Include="ex3_bitmaps.h">
      <Filter>Archivos de encabezado</Filter>
    </ClInclude>
    <ClInclude Include="ex4_timers.h">
      <Filter>Archivos de encabezado</Filter>
    </ClInclude>
    <ClInclude Include="ex5_mouse.h">
      <Filter>Archivos de encabezado</Filter>
    </ClInclude>
    <ClInclude Include="ex6_keyboard.h">
      <Filter>Archivos de encabezado</Filter>
    </ClInclude>
    <ClInclude Include="ex7_fonts.h">
      <Filter>Archivos de encabezado</Filter>
    </ClInclude>
    <ClInclude Include="ex8_primitives.h">
      <Filter>Archivos de encabezado</Filter>
    </ClInclude>
    <ClInclude Include="ex9_audio.h">
      <Filter>Archivos de encabezado</Filter>
    </ClInclude>
    <ClInclude Include="ex10_scaled_bitmap.h">
      <Filter>Archivos de encabezado</Filter>
    </ClInclude>
  </ItemGroup>
</Project>